
Microsoft Visual Studio Solution File, Format Version 12.00
# Visual Studio Version 16
VisualStudioVersion = 16.0.32602.291
MinimumVisualStudioVersion = 10.0.40219.1
Project("{FAE04EC0-301F-11D3-BF4B-00C04F79EFBC}") = "ESH-Modelo.ConsoleApp", "ESH-Modelo.ConsoleApp\ESH-Modelo.ConsoleApp.csproj", "{9FB7ADFF-18E8-45A8-8CC7-E8C0C9E093D9}"
EndProject
Project("{FAE04EC0-301F-11D3-BF4B-00C04F79EFBC}") = "ESH-Modelo.DomainModel", "ESH-Modelo.DomainModel\ESH-Modelo.DomainModel.csproj", "{23D2570E-0E9E-439E-98DD-82B9D0B7EEF7}"
EndProject
Project("{FAE04EC0-301F-11D3-BF4B-00C04F79EFBC}") = "ESH-Modelo.DataAccess", "ESH-Modelo.DataAccess\ESH-Modelo.DataAccess.csproj", "{40447A0F-B5B1-4EC3-BA90-ACDB89D5FD8D}"
EndProject
Project("{2150E333-8FDC-42A3-9474-1A3956D46DE8}") = "1-FrontEnd", "1-FrontEnd", "{8F73D367-3CA5-4335-9B9A-0E0896D50362}"
EndProject
Project("{2150E333-8FDC-42A3-9474-1A3956D46DE8}") = "2-BackEnd", "2-BackEnd", "{586589DC-2C8B-4543-B6D1-7F62FC6CD409}"
EndProject
Project("{2150E333-8FDC-42A3-9474-1A3956D46DE8}") = "2.1-DataAccess", "2.1-DataAccess", "{B3137F2F-1CA3-4D4C-8799-5B48F61006AA}"
EndProject
Project("{2150E333-8FDC-42A3-9474-1A3956D46DE8}") = "2.3-DomainModel", "2.3-DomainModel", "{DA333C0C-5883-47FB-88A8-C28F8DE1B75D}"
EndProject
Project("{2150E333-8FDC-42A3-9474-1A3956D46DE8}") = "1.0-ConsoleApp", "1.0-ConsoleApp", "{20EDABB7-F81A-4281-9847-31126CA6B2BE}"
EndProject
Project("{2150E333-8FDC-42A3-9474-1A3956D46DE8}") = "2.0-ApplicationService", "2.0-ApplicationService", "{16DAEFF6-7D12-4433-A319-43BD537DD6A4}"
EndProject
Project("{FAE04EC0-301F-11D3-BF4B-00C04F79EFBC}") = "ESH-Modelo.ApplicationService", "ESH-Modelo.ApplicationService\ESH-Modelo.ApplicationService.csproj", "{D9E48350-FA02-4B08-BA61-EAFD6A9878BC}"
EndProject
Project("{2150E333-8FDC-42A3-9474-1A3956D46DE8}") = "2.2-DomainService", "2.2-DomainService", "{35BD4CE5-A39A-4C79-B630-E4F4FB1EE36F}"
EndProject
Project("{FAE04EC0-301F-11D3-BF4B-00C04F79EFBC}") = "ESH-Modelo.DomainService", "ESH-Modelo.DomainService\ESH-Modelo.DomainService.csproj", "{45F332F8-375A-4243-A811-257058E2954C}"
EndProject
Global
	GlobalSection(SolutionConfigurationPlatforms) = preSolution
		Debug|Any CPU = Debug|Any CPU
		Release|Any CPU = Release|Any CPU
	EndGlobalSection
	GlobalSection(ProjectConfigurationPlatforms) = postSolution
		{9FB7ADFF-18E8-45A8-8CC7-E8C0C9E093D9}.Debug|Any CPU.ActiveCfg = Debug|Any CPU
		{9FB7ADFF-18E8-45A8-8CC7-E8C0C9E093D9}.Debug|Any CPU.Build.0 = Debug|Any CPU
		{9FB7ADFF-18E8-45A8-8CC7-E8C0C9E093D9}.Release|Any CPU.ActiveCfg = Release|Any CPU
		{9FB7ADFF-18E8-45A8-8CC7-E8C0C9E093D9}.Release|Any CPU.Build.0 = Release|Any CPU
		{23D2570E-0E9E-439E-98DD-82B9D0B7EEF7}.Debug|Any CPU.ActiveCfg = Debug|Any CPU
		{23D2570E-0E9E-439E-98DD-82B9D0B7EEF7}.Debug|Any CPU.Build.0 = Debug|Any CPU
		{23D2570E-0E9E-439E-98DD-82B9D0B7EEF7}.Release|Any CPU.ActiveCfg = Release|Any CPU
		{23D2570E-0E9E-439E-98DD-82B9D0B7EEF7}.Release|Any CPU.Build.0 = Release|Any CPU
		{40447A0F-B5B1-4EC3-BA90-ACDB89D5FD8D}.Debug|Any CPU.ActiveCfg = Debug|Any CPU
		{40447A0F-B5B1-4EC3-BA90-ACDB89D5FD8D}.Debug|Any CPU.Build.0 = Debug|Any CPU
		{40447A0F-B5B1-4EC3-BA90-ACDB89D5FD8D}.Release|Any CPU.ActiveCfg = Release|Any CPU
		{40447A0F-B5B1-4EC3-BA90-ACDB89D5FD8D}.Release|Any CPU.Build.0 = Release|Any CPU
		{D9E48350-FA02-4B08-BA61-EAFD6A9878BC}.Debug|Any CPU.ActiveCfg = Debug|Any CPU
		{D9E48350-FA02-4B08-BA61-EAFD6A9878BC}.Debug|Any CPU.Build.0 = Debug|Any CPU
		{D9E48350-FA02-4B08-BA61-EAFD6A9878BC}.Release|Any CPU.ActiveCfg = Release|Any CPU
		{D9E48350-FA02-4B08-BA61-EAFD6A9878BC}.Release|Any CPU.Build.0 = Release|Any CPU
		{45F332F8-375A-4243-A811-257058E2954C}.Debug|Any CPU.ActiveCfg = Debug|Any CPU
		{45F332F8-375A-4243-A811-257058E2954C}.Debug|Any CPU.Build.0 = Debug|Any CPU
		{45F332F8-375A-4243-A811-257058E2954C}.Release|Any CPU.ActiveCfg = Release|Any CPU
		{45F332F8-375A-4243-A811-257058E2954C}.Release|Any CPU.Build.0 = Release|Any CPU
	EndGlobalSection
	GlobalSection(SolutionProperties) = preSolution
		HideSolutionNode = FALSE
	EndGlobalSection
	GlobalSection(NestedProjects) = preSolution
		{9FB7ADFF-18E8-45A8-8CC7-E8C0C9E093D9} = {20EDABB7-F81A-4281-9847-31126CA6B2BE}
		{23D2570E-0E9E-439E-98DD-82B9D0B7EEF7} = {DA333C0C-5883-47FB-88A8-C28F8DE1B75D}
		{40447A0F-B5B1-4EC3-BA90-ACDB89D5FD8D} = {B3137F2F-1CA3-4D4C-8799-5B48F61006AA}
		{B3137F2F-1CA3-4D4C-8799-5B48F61006AA} = {586589DC-2C8B-4543-B6D1-7F62FC6CD409}
		{DA333C0C-5883-47FB-88A8-C28F8DE1B75D} = {586589DC-2C8B-4543-B6D1-7F62FC6CD409}
		{20EDABB7-F81A-4281-9847-31126CA6B2BE} = {8F73D367-3CA5-4335-9B9A-0E0896D50362}
		{16DAEFF6-7D12-4433-A319-43BD537DD6A4} = {586589DC-2C8B-4543-B6D1-7F62FC6CD409}
		{D9E48350-FA02-4B08-BA61-EAFD6A9878BC} = {16DAEFF6-7D12-4433-A319-43BD537DD6A4}
		{35BD4CE5-A39A-4C79-B630-E4F4FB1EE36F} = {586589DC-2C8B-4543-B6D1-7F62FC6CD409}
		{45F332F8-375A-4243-A811-257058E2954C} = {35BD4CE5-A39A-4C79-B630-E4F4FB1EE36F}
	EndGlobalSection
	GlobalSection(ExtensibilityGlobals) = postSolution
		SolutionGuid = {87BF7A40-9E29-4D82-BBC3-FE8DE8854F63}
	EndGlobalSection
EndGlobal
